
Microsoft Visual Studio Solution File, Format Version 12.00
# Visual Studio Version 17
VisualStudioVersion = 17.0.31903.59
MinimumVisualStudioVersion = 10.0.40219.1
Project("{FAE04EC0-301F-11D3-BF4B-00C04F79EFBC}") = "Todo.Domain", "Todo.Domain\Todo.Domain.csproj", "{AB33C8CD-12BA-413A-A0B8-CDD25772C4FE}"
EndProject
Project("{FAE04EC0-301F-11D3-BF4B-00C04F79EFBC}") = "Todo.Infrastructure", "Todo.Infrastructure\Todo.Infrastructure.csproj", "{50DCB19B-AFFA-4920-A1F6-A09738EE6288}"
EndProject
Project("{FAE04EC0-301F-11D3-BF4B-00C04F79EFBC}") = "Todo.Application", "Todo.Application\Todo.Application.csproj", "{5F042A56-D487-4086-8C43-745396394E83}"
EndProject
Project("{FAE04EC0-301F-11D3-BF4B-00C04F79EFBC}") = "Todo.API", "Todo.API\Todo.API.csproj", "{819D95F9-3770-43E4-BEDB-E69802F36CAB}"
EndProject
Global
	GlobalSection(SolutionConfigurationPlatforms) = preSolution
		Debug|Any CPU = Debug|Any CPU
		Release|Any CPU = Release|Any CPU
	EndGlobalSection
	GlobalSection(SolutionProperties) = preSolution
		HideSolutionNode = FALSE
	EndGlobalSection
	GlobalSection(ProjectConfigurationPlatforms) = postSolution
		{AB33C8CD-12BA-413A-A0B8-CDD25772C4FE}.Debug|Any CPU.ActiveCfg = Debug|Any CPU
		{AB33C8CD-12BA-413A-A0B8-CDD25772C4FE}.Debug|Any CPU.Build.0 = Debug|Any CPU
		{AB33C8CD-12BA-413A-A0B8-CDD25772C4FE}.Release|Any CPU.ActiveCfg = Release|Any CPU
		{AB33C8CD-12BA-413A-A0B8-CDD25772C4FE}.Release|Any CPU.Build.0 = Release|Any CPU
		{50DCB19B-AFFA-4920-A1F6-A09738EE6288}.Debug|Any CPU.ActiveCfg = Debug|Any CPU
		{50DCB19B-AFFA-4920-A1F6-A09738EE6288}.Debug|Any CPU.Build.0 = Debug|Any CPU
		{50DCB19B-AFFA-4920-A1F6-A09738EE6288}.Release|Any CPU.ActiveCfg = Release|Any CPU
		{50DCB19B-AFFA-4920-A1F6-A09738EE6288}.Release|Any CPU.Build.0 = Release|Any CPU
		{5F042A56-D487-4086-8C43-745396394E83}.Debug|Any CPU.ActiveCfg = Debug|Any CPU
		{5F042A56-D487-4086-8C43-745396394E83}.Debug|Any CPU.Build.0 = Debug|Any CPU
		{5F042A56-D487-4086-8C43-745396394E83}.Release|Any CPU.ActiveCfg = Release|Any CPU
		{5F042A56-D487-4086-8C43-745396394E83}.Release|Any CPU.Build.0 = Release|Any CPU
		{819D95F9-3770-43E4-BEDB-E69802F36CAB}.Debug|Any CPU.ActiveCfg = Debug|Any CPU
		{819D95F9-3770-43E4-BEDB-E69802F36CAB}.Debug|Any CPU.Build.0 = Debug|Any CPU
		{819D95F9-3770-43E4-BEDB-E69802F36CAB}.Release|Any CPU.ActiveCfg = Release|Any CPU
		{819D95F9-3770-43E4-BEDB-E69802F36CAB}.Release|Any CPU.Build.0 = Release|Any CPU
	EndGlobalSection
EndGlobal
